
Microsoft Visual Studio Solution File, Format Version 12.00
# Visual Studio Version 16
VisualStudioVersion = 16.0.31005.135
MinimumVisualStudioVersion = 10.0.40219.1
Project("{FAE04EC0-301F-11D3-BF4B-00C04F79EFBC}") = "XamWebApiClient.Android", "XamWebApiClient\XamWebApiClient.Android\XamWebApiClient.Android.csproj", "{140AAF5F-F1A9-488C-8F6E-D96021F1F5F9}"
EndProject
Project("{FAE04EC0-301F-11D3-BF4B-00C04F79EFBC}") = "XamWebApiClient", "XamWebApiClient\XamWebApiClient\XamWebApiClient.csproj", "{189601D4-8FF1-4FE8-B254-D08A15F40B13}"
EndProject
Global
	GlobalSection(SolutionConfigurationPlatforms) = preSolution
		Debug|Any CPU = Debug|Any CPU
		Release|Any CPU = Release|Any CPU
	EndGlobalSection
	GlobalSection(ProjectConfigurationPlatforms) = postSolution
		{140AAF5F-F1A9-488C-8F6E-D96021F1F5F9}.Debug|Any CPU.ActiveCfg = Debug|Any CPU
		{140AAF5F-F1A9-488C-8F6E-D96021F1F5F9}.Debug|Any CPU.Build.0 = Debug|Any CPU
		{140AAF5F-F1A9-488C-8F6E-D96021F1F5F9}.Debug|Any CPU.Deploy.0 = Debug|Any CPU
		{140AAF5F-F1A9-488C-8F6E-D96021F1F5F9}.Release|Any CPU.ActiveCfg = Release|Any CPU
		{140AAF5F-F1A9-488C-8F6E-D96021F1F5F9}.Release|Any CPU.Build.0 = Release|Any CPU
		{140AAF5F-F1A9-488C-8F6E-D96021F1F5F9}.Release|Any CPU.Deploy.0 = Release|Any CPU
		{189601D4-8FF1-4FE8-B254-D08A15F40B13}.Debug|Any CPU.ActiveCfg = Debug|Any CPU
		{189601D4-8FF1-4FE8-B254-D08A15F40B13}.Debug|Any CPU.Build.0 = Debug|Any CPU
		{189601D4-8FF1-4FE8-B254-D08A15F40B13}.Debug|Any CPU.Deploy.0 = Debug|Any CPU
		{189601D4-8FF1-4FE8-B254-D08A15F40B13}.Release|Any CPU.ActiveCfg = Release|Any CPU
		{189601D4-8FF1-4FE8-B254-D08A15F40B13}.Release|Any CPU.Build.0 = Release|Any CPU
		{189601D4-8FF1-4FE8-B254-D08A15F40B13}.Release|Any CPU.Deploy.0 = Release|Any CPU
	EndGlobalSection
	GlobalSection(SolutionProperties) = preSolution
		HideSolutionNode = FALSE
	EndGlobalSection
	GlobalSection(ExtensibilityGlobals) = postSolution
		SolutionGuid = {1F878717-E383-41D8-ACD8-1E19BBF5B27F}
	EndGlobalSection
EndGlobal
